// !$*UTF8*$!
{
	archiveVersion = 1;
	classes = {
	};
	objectVersion = 46;
	objects = {

/* Begin PBXBuildFile section */
		6C0E2E7C1B370D5B00C0A435 /* main.m in Sources */ = {isa = PBXBuildFile; fileRef = 6C0E2E7B1B370D5B00C0A435 /* main.m */; };
		6C0E2E7F1B370D5B00C0A435 /* AppDelegate.m in Sources */ = {isa = PBXBuildFile; fileRef = 6C0E2E7E1B370D5B00C0A435 /* AppDelegate.m */; };
		6C0E2E821B370D5B00C0A435 /* CM_Tarea_2_Notificaciones.xcdatamodeld in Sources */ = {isa = PBXBuildFile; fileRef = 6C0E2E801B370D5B00C0A435 /* CM_Tarea_2_Notificaciones.xcdatamodeld */; };
		6C0E2E851B370D5B00C0A435 /* Start.m in Sources */ = {isa = PBXBuildFile; fileRef = 6C0E2E841B370D5B00C0A435 /* Start.m */; };
		6C0E2E881B370D5B00C0A435 /* Main.storyboard in Resources */ = {isa = PBXBuildFile; fileRef = 6C0E2E861B370D5B00C0A435 /* Main.storyboard */; };
		6C0E2E8A1B370D5B00C0A435 /* Images.xcassets in Resources */ = {isa = PBXBuildFile; fileRef = 6C0E2E891B370D5B00C0A435 /* Images.xcassets */; };
		6C0E2E8D1B370D5B00C0A435 /* LaunchScreen.xib in Resources */ = {isa = PBXBuildFile; fileRef = 6C0E2E8B1B370D5B00C0A435 /* LaunchScreen.xib */; };
		6C0E2E991B370D5B00C0A435 /* CM_Tarea_2_NotificacionesTests.m in Sources */ = {isa = PBXBuildFile; fileRef = 6C0E2E981B370D5B00C0A435 /* CM_Tarea_2_NotificacionesTests.m */; };
		6C7217F31B3DA81C00728931 /* Add.m in Sources */ = {isa = PBXBuildFile; fileRef = 6C7217F11B3DA81C00728931 /* Add.m */; };
		6C7217F41B3DA81C00728931 /* Add.xib in Resources */ = {isa = PBXBuildFile; fileRef = 6C7217F21B3DA81C00728931 /* Add.xib */; };
		6C7217FA1B3E41EC00728931 /* UIDropDownMenu.m in Sources */ = {isa = PBXBuildFile; fileRef = 6C7217F91B3E41EC00728931 /* UIDropDownMenu.m */; };
		6C7217FC1B3E461100728931 /* UIKit.framework in Frameworks */ = {isa = PBXBuildFile; fileRef = 6C7217FB1B3E461100728931 /* UIKit.framework */; };
		6C7217FE1B3E465700728931 /* Foundation.framework in Frameworks */ = {isa = PBXBuildFile; fileRef = 6C7217FD1B3E465700728931 /* Foundation.framework */; };
		6C7218001B3E466100728931 /* CoreGraphics.framework in Frameworks */ = {isa = PBXBuildFile; fileRef = 6C7217FF1B3E466100728931 /* CoreGraphics.framework */; };
		6C7218471B3ED21900728931 /* Main.storyboard in Resources */ = {isa = PBXBuildFile; fileRef = 6C7218451B3ED21900728931 /* Main.storyboard */; };
		727919C11B3AF430009F6353 /* Pushwoosh.framework in Frameworks */ = {isa = PBXBuildFile; fileRef = 727919C01B3AF430009F6353 /* Pushwoosh.framework */; };
		727919C31B3AFF03009F6353 /* SystemConfiguration.framework in Frameworks */ = {isa = PBXBuildFile; fileRef = 727919C21B3AFF03009F6353 /* SystemConfiguration.framework */; };
		727919C51B3AFF20009F6353 /* ImageIO.framework in Frameworks */ = {isa = PBXBuildFile; fileRef = 727919C41B3AFF20009F6353 /* ImageIO.framework */; };
		727919C71B3AFF45009F6353 /* AVFoundation.framework in Frameworks */ = {isa = PBXBuildFile; fileRef = 727919C61B3AFF45009F6353 /* AVFoundation.framework */; };
		727919C91B3AFF4C009F6353 /* CoreLocation.framework in Frameworks */ = {isa = PBXBuildFile; fileRef = 727919C81B3AFF4C009F6353 /* CoreLocation.framework */; };
		812176231B3CDDBE002570EB /* Home.m in Sources */ = {isa = PBXBuildFile; fileRef = 812176221B3CDDBE002570EB /* Home.m */; };
		8121762D1B3CE495002570EB /* cellNotification.m in Sources */ = {isa = PBXBuildFile; fileRef = 8121762B1B3CE495002570EB /* cellNotification.m */; };
		8121762E1B3CE495002570EB /* cellNotification.xib in Resources */ = {isa = PBXBuildFile; fileRef = 8121762C1B3CE495002570EB /* cellNotification.xib */; };
		EC054F981B3E6884008E72A4 /* intro_01.png in Resources */ = {isa = PBXBuildFile; fileRef = EC054F971B3E6884008E72A4 /* intro_01.png */; };
		EC054F9A1B3E6899008E72A4 /* intro_02.png in Resources */ = {isa = PBXBuildFile; fileRef = EC054F991B3E6899008E72A4 /* intro_02.png */; };
		EC2C238D1B3B921100EED42D /* Intro.m in Sources */ = {isa = PBXBuildFile; fileRef = EC2C238C1B3B921100EED42D /* Intro.m */; };
		EC2C23911B3BBCA100EED42D /* Declarations.m in Sources */ = {isa = PBXBuildFile; fileRef = EC2C23901B3BBCA100EED42D /* Declarations.m */; };
		EC5B6A421B3A3A100065EABD /* Detail.m in Sources */ = {isa = PBXBuildFile; fileRef = EC5B6A411B3A3A100065EABD /* Detail.m */; };
		ECDAF9F71B3CFF1600245180 /* intro_03.png in Resources */ = {isa = PBXBuildFile; fileRef = ECDAF9F61B3CFF1600245180 /* intro_03.png */; };
/* End PBXBuildFile section */

/* Begin PBXContainerItemProxy section */
		6C0E2E931B370D5B00C0A435 /* PBXContainerItemProxy */ = {
			isa = PBXContainerItemProxy;
			containerPortal = 6C0E2E6E1B370D5B00C0A435 /* Project object */;
			proxyType = 1;
			remoteGlobalIDString = 6C0E2E751B370D5B00C0A435;
			remoteInfo = "CM-Tarea 2 Notificaciones";
		};
/* End PBXContainerItemProxy section */

/* Begin PBXFileReference section */
		6C0E2E761B370D5B00C0A435 /* CM-Tarea 2 Notificaciones.app */ = {isa = PBXFileReference; explicitFileType = wrapper.application; includeInIndex = 0; path = "CM-Tarea 2 Notificaciones.app"; sourceTree = BUILT_PRODUCTS_DIR; };
		6C0E2E7A1B370D5B00C0A435 /* Info.plist */ = {isa = PBXFileReference; lastKnownFileType = text.plist.xml; path = Info.plist; sourceTree = "<group>"; };
		6C0E2E7B1B370D5B00C0A435 /* main.m */ = {isa = PBXFileReference; lastKnownFileType = sourcecode.c.objc; path = main.m; sourceTree = "<group>"; };
		6C0E2E7D1B370D5B00C0A435 /* AppDelegate.h */ = {isa = PBXFileReference; lastKnownFileType = sourcecode.c.h; path = AppDelegate.h; sourceTree = "<group>"; };
		6C0E2E7E1B370D5B00C0A435 /* AppDelegate.m */ = {isa = PBXFileReference; lastKnownFileType = sourcecode.c.objc; path = AppDelegate.m; sourceTree = "<group>"; };
		6C0E2E811B370D5B00C0A435 /* CM_Tarea_2_Notificaciones.xcdatamodel */ = {isa = PBXFileReference; lastKnownFileType = wrapper.xcdatamodel; path = CM_Tarea_2_Notificaciones.xcdatamodel; sourceTree = "<group>"; };
		6C0E2E831B370D5B00C0A435 /* Start.h */ = {isa = PBXFileReference; lastKnownFileType = sourcecode.c.h; path = Start.h; sourceTree = "<group>"; };
		6C0E2E841B370D5B00C0A435 /* Start.m */ = {isa = PBXFileReference; lastKnownFileType = sourcecode.c.objc; path = Start.m; sourceTree = "<group>"; };
		6C0E2E891B370D5B00C0A435 /* Images.xcassets */ = {isa = PBXFileReference; lastKnownFileType = folder.assetcatalog; path = Images.xcassets; sourceTree = "<group>"; };
		6C0E2E8C1B370D5B00C0A435 /* Base */ = {isa = PBXFileReference; lastKnownFileType = file.xib; name = Base; path = Base.lproj/LaunchScreen.xib; sourceTree = "<group>"; };
		6C0E2E921B370D5B00C0A435 /* CM-Tarea 2 NotificacionesTests.xctest */ = {isa = PBXFileReference; explicitFileType = wrapper.cfbundle; includeInIndex = 0; path = "CM-Tarea 2 NotificacionesTests.xctest"; sourceTree = BUILT_PRODUCTS_DIR; };
		6C0E2E971B370D5B00C0A435 /* Info.plist */ = {isa = PBXFileReference; lastKnownFileType = text.plist.xml; path = Info.plist; sourceTree = "<group>"; };
		6C0E2E981B370D5B00C0A435 /* CM_Tarea_2_NotificacionesTests.m */ = {isa = PBXFileReference; lastKnownFileType = sourcecode.c.objc; path = CM_Tarea_2_NotificacionesTests.m; sourceTree = "<group>"; };
		6C7217F01B3DA81C00728931 /* Add.h */ = {isa = PBXFileReference; fileEncoding = 4; lastKnownFileType = sourcecode.c.h; path = Add.h; sourceTree = "<group>"; };
		6C7217F11B3DA81C00728931 /* Add.m */ = {isa = PBXFileReference; fileEncoding = 4; lastKnownFileType = sourcecode.c.objc; path = Add.m; sourceTree = "<group>"; };
		6C7217F21B3DA81C00728931 /* Add.xib */ = {isa = PBXFileReference; fileEncoding = 4; lastKnownFileType = file.xib; path = Add.xib; sourceTree = "<group>"; };
		6C7217F81B3E41EC00728931 /* UIDropDownMenu.h */ = {isa = PBXFileReference; fileEncoding = 4; lastKnownFileType = sourcecode.c.h; path = UIDropDownMenu.h; sourceTree = "<group>"; };
		6C7217F91B3E41EC00728931 /* UIDropDownMenu.m */ = {isa = PBXFileReference; fileEncoding = 4; lastKnownFileType = sourcecode.c.objc; path = UIDropDownMenu.m; sourceTree = "<group>"; };
		6C7217FB1B3E461100728931 /* UIKit.framework */ = {isa = PBXFileReference; lastKnownFileType = wrapper.framework; name = UIKit.framework; path = System/Library/Frameworks/UIKit.framework; sourceTree = SDKROOT; };
		6C7217FD1B3E465700728931 /* Foundation.framework */ = {isa = PBXFileReference; lastKnownFileType = wrapper.framework; name = Foundation.framework; path = System/Library/Frameworks/Foundation.framework; sourceTree = SDKROOT; };
		6C7217FF1B3E466100728931 /* CoreGraphics.framework */ = {isa = PBXFileReference; lastKnownFileType = wrapper.framework; name = CoreGraphics.framework; path = System/Library/Frameworks/CoreGraphics.framework; sourceTree = SDKROOT; };
		6C7218461B3ED21900728931 /* Base */ = {isa = PBXFileReference; lastKnownFileType = file.storyboard; name = Base; path = Base.lproj/Main.storyboard; sourceTree = "<group>"; };
		727919C01B3AF430009F6353 /* Pushwoosh.framework */ = {isa = PBXFileReference; lastKnownFileType = wrapper.framework; path = Pushwoosh.framework; sourceTree = "<group>"; };
		727919C21B3AFF03009F6353 /* SystemConfiguration.framework */ = {isa = PBXFileReference; lastKnownFileType = wrapper.framework; name = SystemConfiguration.framework; path = System/Library/Frameworks/SystemConfiguration.framework; sourceTree = SDKROOT; };
		727919C41B3AFF20009F6353 /* ImageIO.framework */ = {isa = PBXFileReference; lastKnownFileType = wrapper.framework; name = ImageIO.framework; path = System/Library/Frameworks/ImageIO.framework; sourceTree = SDKROOT; };
		727919C61B3AFF45009F6353 /* AVFoundation.framework */ = {isa = PBXFileReference; lastKnownFileType = wrapper.framework; name = AVFoundation.framework; path = System/Library/Frameworks/AVFoundation.framework; sourceTree = SDKROOT; };
		727919C81B3AFF4C009F6353 /* CoreLocation.framework */ = {isa = PBXFileReference; lastKnownFileType = wrapper.framework; name = CoreLocation.framework; path = System/Library/Frameworks/CoreLocation.framework; sourceTree = SDKROOT; };
		812176211B3CDD64002570EB /* Home.h */ = {isa = PBXFileReference; lastKnownFileType = sourcecode.c.h; path = Home.h; sourceTree = "<group>"; };
		812176221B3CDDBE002570EB /* Home.m */ = {isa = PBXFileReference; fileEncoding = 4; lastKnownFileType = sourcecode.c.objc; path = Home.m; sourceTree = "<group>"; };
		8121762A1B3CE495002570EB /* cellNotification.h */ = {isa = PBXFileReference; fileEncoding = 4; lastKnownFileType = sourcecode.c.h; path = cellNotification.h; sourceTree = "<group>"; };
		8121762B1B3CE495002570EB /* cellNotification.m */ = {isa = PBXFileReference; fileEncoding = 4; lastKnownFileType = sourcecode.c.objc; path = cellNotification.m; sourceTree = "<group>"; };
		8121762C1B3CE495002570EB /* cellNotification.xib */ = {isa = PBXFileReference; fileEncoding = 4; lastKnownFileType = file.xib; path = cellNotification.xib; sourceTree = "<group>"; };
		EC054F971B3E6884008E72A4 /* intro_01.png */ = {isa = PBXFileReference; lastKnownFileType = image.png; path = intro_01.png; sourceTree = "<group>"; };
		EC054F991B3E6899008E72A4 /* intro_02.png */ = {isa = PBXFileReference; lastKnownFileType = image.png; path = intro_02.png; sourceTree = "<group>"; };
		EC2C238B1B3B921100EED42D /* Intro.h */ = {isa = PBXFileReference; fileEncoding = 4; lastKnownFileType = sourcecode.c.h; path = Intro.h; sourceTree = "<group>"; };
		EC2C238C1B3B921100EED42D /* Intro.m */ = {isa = PBXFileReference; fileEncoding = 4; lastKnownFileType = sourcecode.c.objc; path = Intro.m; sourceTree = "<group>"; };
		EC2C238F1B3BBCA100EED42D /* Declarations.h */ = {isa = PBXFileReference; fileEncoding = 4; lastKnownFileType = sourcecode.c.h; path = Declarations.h; sourceTree = "<group>"; };
		EC2C23901B3BBCA100EED42D /* Declarations.m */ = {isa = PBXFileReference; fileEncoding = 4; lastKnownFileType = sourcecode.c.objc; path = Declarations.m; sourceTree = "<group>"; };
		EC5B6A401B3A3A100065EABD /* Detail.h */ = {isa = PBXFileReference; fileEncoding = 4; lastKnownFileType = sourcecode.c.h; path = Detail.h; sourceTree = "<group>"; };
		EC5B6A411B3A3A100065EABD /* Detail.m */ = {isa = PBXFileReference; fileEncoding = 4; lastKnownFileType = sourcecode.c.objc; path = Detail.m; sourceTree = "<group>"; };
		ECDAF9F61B3CFF1600245180 /* intro_03.png */ = {isa = PBXFileReference; lastKnownFileType = image.png; name = intro_03.png; path = "CM-Tarea 2 Notificaciones.xcodeproj/intro_03.png"; sourceTree = "<group>"; };
/* End PBXFileReference section */

/* Begin PBXFrameworksBuildPhase section */
		6C0E2E731B370D5B00C0A435 /* Frameworks */ = {
			isa = PBXFrameworksBuildPhase;
			buildActionMask = 2147483647;
			files = (
				6C7218001B3E466100728931 /* CoreGraphics.framework in Frameworks */,
				6C7217FE1B3E465700728931 /* Foundation.framework in Frameworks */,
				6C7217FC1B3E461100728931 /* UIKit.framework in Frameworks */,
				727919C91B3AFF4C009F6353 /* CoreLocation.framework in Frameworks */,
				727919C71B3AFF45009F6353 /* AVFoundation.framework in Frameworks */,
				727919C51B3AFF20009F6353 /* ImageIO.framework in Frameworks */,
				727919C31B3AFF03009F6353 /* SystemConfiguration.framework in Frameworks */,
				727919C11B3AF430009F6353 /* Pushwoosh.framework in Frameworks */,
			);
			runOnlyForDeploymentPostprocessing = 0;
		};
		6C0E2E8F1B370D5B00C0A435 /* Frameworks */ = {
			isa = PBXFrameworksBuildPhase;
			buildActionMask = 2147483647;
			files = (
			);
			runOnlyForDeploymentPostprocessing = 0;
		};
/* End PBXFrameworksBuildPhase section */

/* Begin PBXGroup section */
		6C0E2E6D1B370D5B00C0A435 = {
			isa = PBXGroup;
			children = (
				EC054F991B3E6899008E72A4 /* intro_02.png */,
				EC054F971B3E6884008E72A4 /* intro_01.png */,
				ECDAF9F61B3CFF1600245180 /* intro_03.png */,
				6C7217FF1B3E466100728931 /* CoreGraphics.framework */,
				6C7217FD1B3E465700728931 /* Foundation.framework */,
				6C7217FB1B3E461100728931 /* UIKit.framework */,
				727919C81B3AFF4C009F6353 /* CoreLocation.framework */,
				727919C61B3AFF45009F6353 /* AVFoundation.framework */,
				727919C41B3AFF20009F6353 /* ImageIO.framework */,
				727919C21B3AFF03009F6353 /* SystemConfiguration.framework */,
				727919C01B3AF430009F6353 /* Pushwoosh.framework */,
				6C0E2E781B370D5B00C0A435 /* CM-Tarea 2 Notificaciones */,
				6C0E2E951B370D5B00C0A435 /* CM-Tarea 2 NotificacionesTests */,
				6C0E2E771B370D5B00C0A435 /* Products */,
			);
			sourceTree = "<group>";
		};
		6C0E2E771B370D5B00C0A435 /* Products */ = {
			isa = PBXGroup;
			children = (
				6C0E2E761B370D5B00C0A435 /* CM-Tarea 2 Notificaciones.app */,
				6C0E2E921B370D5B00C0A435 /* CM-Tarea 2 NotificacionesTests.xctest */,
			);
			name = Products;
			sourceTree = "<group>";
		};
		6C0E2E781B370D5B00C0A435 /* CM-Tarea 2 Notificaciones */ = {
			isa = PBXGroup;
			children = (
				EC2C238E1B3BBC0000EED42D /* Main */,
				EC3CFC851B3907B400396B58 /* Controllers */,
				812176241B3CE07D002570EB /* Cells */,
				6C7218451B3ED21900728931 /* Main.storyboard */,
				6C0E2E891B370D5B00C0A435 /* Images.xcassets */,
				6C0E2E8B1B370D5B00C0A435 /* LaunchScreen.xib */,
				6C0E2E801B370D5B00C0A435 /* CM_Tarea_2_Notificaciones.xcdatamodeld */,
				6C0E2E791B370D5B00C0A435 /* Supporting Files */,
			);
			path = "CM-Tarea 2 Notificaciones";
			sourceTree = "<group>";
		};
		6C0E2E791B370D5B00C0A435 /* Supporting Files */ = {
			isa = PBXGroup;
			children = (
				6C0E2E7A1B370D5B00C0A435 /* Info.plist */,
				6C0E2E7B1B370D5B00C0A435 /* main.m */,
			);
			name = "Supporting Files";
			sourceTree = "<group>";
		};
		6C0E2E951B370D5B00C0A435 /* CM-Tarea 2 NotificacionesTests */ = {
			isa = PBXGroup;
			children = (
				6C0E2E981B370D5B00C0A435 /* CM_Tarea_2_NotificacionesTests.m */,
				6C0E2E961B370D5B00C0A435 /* Supporting Files */,
			);
			path = "CM-Tarea 2 NotificacionesTests";
			sourceTree = "<group>";
		};
		6C0E2E961B370D5B00C0A435 /* Supporting Files */ = {
			isa = PBXGroup;
			children = (
				6C0E2E971B370D5B00C0A435 /* Info.plist */,
			);
			name = "Supporting Files";
			sourceTree = "<group>";
		};
		812176241B3CE07D002570EB /* Cells */ = {
			isa = PBXGroup;
			children = (
				8121762A1B3CE495002570EB /* cellNotification.h */,
				8121762B1B3CE495002570EB /* cellNotification.m */,
				8121762C1B3CE495002570EB /* cellNotification.xib */,
			);
			name = Cells;
			sourceTree = "<group>";
		};
		EC2C238E1B3BBC0000EED42D /* Main */ = {
			isa = PBXGroup;
			children = (
				6C0E2E7D1B370D5B00C0A435 /* AppDelegate.h */,
				6C0E2E7E1B370D5B00C0A435 /* AppDelegate.m */,
				EC2C238F1B3BBCA100EED42D /* Declarations.h */,
				EC2C23901B3BBCA100EED42D /* Declarations.m */,
			);
			name = Main;
			sourceTree = "<group>";
		};
		EC3CFC851B3907B400396B58 /* Controllers */ = {
			isa = PBXGroup;
			children = (
				EC5B6A401B3A3A100065EABD /* Detail.h */,
				EC5B6A411B3A3A100065EABD /* Detail.m */,
				EC2C238B1B3B921100EED42D /* Intro.h */,
				EC2C238C1B3B921100EED42D /* Intro.m */,
				6C0E2E831B370D5B00C0A435 /* Start.h */,
				6C0E2E841B370D5B00C0A435 /* Start.m */,
				812176211B3CDD64002570EB /* Home.h */,
				812176221B3CDDBE002570EB /* Home.m */,
				6C7217F01B3DA81C00728931 /* Add.h */,
				6C7217F11B3DA81C00728931 /* Add.m */,
				6C7217F21B3DA81C00728931 /* Add.xib */,
				6C7217F81B3E41EC00728931 /* UIDropDownMenu.h */,
				6C7217F91B3E41EC00728931 /* UIDropDownMenu.m */,
			);
			name = Controllers;
			sourceTree = "<group>";
		};
/* End PBXGroup section */

/* Begin PBXNativeTarget section */
		6C0E2E751B370D5B00C0A435 /* CM-Tarea 2 Notificaciones */ = {
			isa = PBXNativeTarget;
			buildConfigurationList = 6C0E2E9C1B370D5B00C0A435 /* Build configuration list for PBXNativeTarget "CM-Tarea 2 Notificaciones" */;
			buildPhases = (
				6C0E2E721B370D5B00C0A435 /* Sources */,
				6C0E2E731B370D5B00C0A435 /* Frameworks */,
				6C0E2E741B370D5B00C0A435 /* Resources */,
			);
			buildRules = (
			);
			dependencies = (
			);
			name = "CM-Tarea 2 Notificaciones";
			productName = "CM-Tarea 2 Notificaciones";
			productReference = 6C0E2E761B370D5B00C0A435 /* CM-Tarea 2 Notificaciones.app */;
			productType = "com.apple.product-type.application";
		};
		6C0E2E911B370D5B00C0A435 /* CM-Tarea 2 NotificacionesTests */ = {
			isa = PBXNativeTarget;
			buildConfigurationList = 6C0E2E9F1B370D5B00C0A435 /* Build configuration list for PBXNativeTarget "CM-Tarea 2 NotificacionesTests" */;
			buildPhases = (
				6C0E2E8E1B370D5B00C0A435 /* Sources */,
				6C0E2E8F1B370D5B00C0A435 /* Frameworks */,
				6C0E2E901B370D5B00C0A435 /* Resources */,
			);
			buildRules = (
			);
			dependencies = (
				6C0E2E941B370D5B00C0A435 /* PBXTargetDependency */,
			);
			name = "CM-Tarea 2 NotificacionesTests";
			productName = "CM-Tarea 2 NotificacionesTests";
			productReference = 6C0E2E921B370D5B00C0A435 /* CM-Tarea 2 NotificacionesTests.xctest */;
			productType = "com.apple.product-type.bundle.unit-test";
		};
/* End PBXNativeTarget section */

/* Begin PBXProject section */
		6C0E2E6E1B370D5B00C0A435 /* Project object */ = {
			isa = PBXProject;
			attributes = {
				LastUpgradeCheck = 0620;
				ORGANIZATIONNAME = CM;
				TargetAttributes = {
					6C0E2E751B370D5B00C0A435 = {
						CreatedOnToolsVersion = 6.2;
						DevelopmentTeam = 3XZBJS5Z25;
						SystemCapabilities = {
							com.apple.BackgroundModes = {
								enabled = 1;
							};
						};
					};
					6C0E2E911B370D5B00C0A435 = {
						CreatedOnToolsVersion = 6.2;
						TestTargetID = 6C0E2E751B370D5B00C0A435;
					};
				};
			};
			buildConfigurationList = 6C0E2E711B370D5B00C0A435 /* Build configuration list for PBXProject "CM-Tarea 2 Notificaciones" */;
			compatibilityVersion = "Xcode 3.2";
			developmentRegion = English;
			hasScannedForEncodings = 0;
			knownRegions = (
				en,
				Base,
			);
			mainGroup = 6C0E2E6D1B370D5B00C0A435;
			productRefGroup = 6C0E2E771B370D5B00C0A435 /* Products */;
			projectDirPath = "";
			projectRoot = "";
			targets = (
				6C0E2E751B370D5B00C0A435 /* CM-Tarea 2 Notificaciones */,
				6C0E2E911B370D5B00C0A435 /* CM-Tarea 2 NotificacionesTests */,
			);
		};
/* End PBXProject section */

/* Begin PBXResourcesBuildPhase section */
		6C0E2E741B370D5B00C0A435 /* Resources */ = {
			isa = PBXResourcesBuildPhase;
			buildActionMask = 2147483647;
			files = (
				8121762E1B3CE495002570EB /* cellNotification.xib in Resources */,
				6C7217F41B3DA81C00728931 /* Add.xib in Resources */,
				6C0E2E881B370D5B00C0A435 /* Main.storyboard in Resources */,
				EC054F9A1B3E6899008E72A4 /* intro_02.png in Resources */,
				EC054F981B3E6884008E72A4 /* intro_01.png in Resources */,
				6C0E2E8D1B370D5B00C0A435 /* LaunchScreen.xib in Resources */,
				6C7218471B3ED21900728931 /* Main.storyboard in Resources */,
				ECDAF9F71B3CFF1600245180 /* intro_03.png in Resources */,
				6C0E2E8A1B370D5B00C0A435 /* Images.xcassets in Resources */,
			);
			runOnlyForDeploymentPostprocessing = 0;
		};
		6C0E2E901B370D5B00C0A435 /* Resources */ = {
			isa = PBXResourcesBuildPhase;
			buildActionMask = 2147483647;
			files = (
			);
			runOnlyForDeploymentPostprocessing = 0;
		};
/* End PBXResourcesBuildPhase section */

/* Begin PBXSourcesBuildPhase section */
		6C0E2E721B370D5B00C0A435 /* Sources */ = {
			isa = PBXSourcesBuildPhase;
			buildActionMask = 2147483647;
			files = (
				EC2C238D1B3B921100EED42D /* Intro.m in Sources */,
				EC5B6A421B3A3A100065EABD /* Detail.m in Sources */,
				812176231B3CDDBE002570EB /* Home.m in Sources */,
				6C7217F31B3DA81C00728931 /* Add.m in Sources */,
				6C0E2E7F1B370D5B00C0A435 /* AppDelegate.m in Sources */,
				EC2C23911B3BBCA100EED42D /* Declarations.m in Sources */,
				8121762D1B3CE495002570EB /* cellNotification.m in Sources */,
				6C7217FA1B3E41EC00728931 /* UIDropDownMenu.m in Sources */,
				6C0E2E821B370D5B00C0A435 /* CM_Tarea_2_Notificaciones.xcdatamodeld in Sources */,
				6C0E2E851B370D5B00C0A435 /* Start.m in Sources */,
				6C0E2E7C1B370D5B00C0A435 /* main.m in Sources */,
			);
			runOnlyForDeploymentPostprocessing = 0;
		};
		6C0E2E8E1B370D5B00C0A435 /* Sources */ = {
			isa = PBXSourcesBuildPhase;
			buildActionMask = 2147483647;
			files = (
				6C0E2E991B370D5B00C0A435 /* CM_Tarea_2_NotificacionesTests.m in Sources */,
			);
			runOnlyForDeploymentPostprocessing = 0;
		};
/* End PBXSourcesBuildPhase section */

/* Begin PBXTargetDependency section */
		6C0E2E941B370D5B00C0A435 /* PBXTargetDependency */ = {
			isa = PBXTargetDependency;
			target = 6C0E2E751B370D5B00C0A435 /* CM-Tarea 2 Notificaciones */;
			targetProxy = 6C0E2E931B370D5B00C0A435 /* PBXContainerItemProxy */;
		};
/* End PBXTargetDependency section */

/* Begin PBXVariantGroup section */
		6C0E2E861B370D5B00C0A435 /* Main.storyboard */ = {
			isa = PBXVariantGroup;
			children = (
			);
			name = Main.storyboard;
			path = "/Users/Aleyr/Documents/Master/Cuatrimestre 03/Computo Movil/02 Tarea/CM-Test-Notificaciones/CM-Tarea 2 Notificaciones";
			sourceTree = "<absolute>";
		};
		6C0E2E8B1B370D5B00C0A435 /* LaunchScreen.xib */ = {
			isa = PBXVariantGroup;
			children = (
				6C0E2E8C1B370D5B00C0A435 /* Base */,
			);
			name = LaunchScreen.xib;
			sourceTree = "<group>";
		};
		6C7218451B3ED21900728931 /* Main.storyboard */ = {
			isa = PBXVariantGroup;
			children = (
				6C7218461B3ED21900728931 /* Base */,
			);
			name = Main.storyboard;
			sourceTree = "<group>";
		};
/* End PBXVariantGroup section */

/* Begin XCBuildConfiguration section */
		6C0E2E9A1B370D5B00C0A435 /* Debug */ = {
			isa = XCBuildConfiguration;
			buildSettings = {
				ALWAYS_SEARCH_USER_PATHS = NO;
				CLANG_CXX_LANGUAGE_STANDARD = "gnu++0x";
				CLANG_CXX_LIBRARY = "libc++";
				CLANG_ENABLE_MODULES = YES;
				CLANG_ENABLE_OBJC_ARC = YES;
				CLANG_WARN_BOOL_CONVERSION = YES;
				CLANG_WARN_CONSTANT_CONVERSION = YES;
				CLANG_WARN_DIRECT_OBJC_ISA_USAGE = YES_ERROR;
				CLANG_WARN_EMPTY_BODY = YES;
				CLANG_WARN_ENUM_CONVERSION = YES;
				CLANG_WARN_INT_CONVERSION = YES;
				CLANG_WARN_OBJC_ROOT_CLASS = YES_ERROR;
				CLANG_WARN_UNREACHABLE_CODE = YES;
				CLANG_WARN__DUPLICATE_METHOD_MATCH = YES;
				"CODE_SIGN_IDENTITY[sdk=iphoneos*]" = "iPhone Developer";
				COPY_PHASE_STRIP = NO;
				ENABLE_STRICT_OBJC_MSGSEND = YES;
				GCC_C_LANGUAGE_STANDARD = gnu99;
				GCC_DYNAMIC_NO_PIC = NO;
				GCC_OPTIMIZATION_LEVEL = 0;
				GCC_PREPROCESSOR_DEFINITIONS = (
					"DEBUG=1",
					"$(inherited)",
				);
				GCC_SYMBOLS_PRIVATE_EXTERN = NO;
				GCC_WARN_64_TO_32_BIT_CONVERSION = YES;
				GCC_WARN_ABOUT_RETURN_TYPE = YES_ERROR;
				GCC_WARN_UNDECLARED_SELECTOR = YES;
				GCC_WARN_UNINITIALIZED_AUTOS = YES_AGGRESSIVE;
				GCC_WARN_UNUSED_FUNCTION = YES;
				GCC_WARN_UNUSED_VARIABLE = YES;
				IPHONEOS_DEPLOYMENT_TARGET = 8.2;
				MTL_ENABLE_DEBUG_INFO = YES;
				ONLY_ACTIVE_ARCH = YES;
				SDKROOT = iphoneos;
			};
			name = Debug;
		};
		6C0E2E9B1B370D5B00C0A435 /* Release */ = {
			isa = XCBuildConfiguration;
			buildSettings = {
				ALWAYS_SEARCH_USER_PATHS = NO;
				CLANG_CXX_LANGUAGE_STANDARD = "gnu++0x";
				CLANG_CXX_LIBRARY = "libc++";
				CLANG_ENABLE_MODULES = YES;
				CLANG_ENABLE_OBJC_ARC = YES;
				CLANG_WARN_BOOL_CONVERSION = YES;
				CLANG_WARN_CONSTANT_CONVERSION = YES;
				CLANG_WARN_DIRECT_OBJC_ISA_USAGE = YES_ERROR;
				CLANG_WARN_EMPTY_BODY = YES;
				CLANG_WARN_ENUM_CONVERSION = YES;
				CLANG_WARN_INT_CONVERSION = YES;
				CLANG_WARN_OBJC_ROOT_CLASS = YES_ERROR;
				CLANG_WARN_UNREACHABLE_CODE = YES;
				CLANG_WARN__DUPLICATE_METHOD_MATCH = YES;
				"CODE_SIGN_IDENTITY[sdk=iphoneos*]" = "iPhone Developer";
				COPY_PHASE_STRIP = NO;
				ENABLE_NS_ASSERTIONS = NO;
				ENABLE_STRICT_OBJC_MSGSEND = YES;
				GCC_C_LANGUAGE_STANDARD = gnu99;
				GCC_WARN_64_TO_32_BIT_CONVERSION = YES;
				GCC_WARN_ABOUT_RETURN_TYPE = YES_ERROR;
				GCC_WARN_UNDECLARED_SELECTOR = YES;
				GCC_WARN_UNINITIALIZED_AUTOS = YES_AGGRESSIVE;
				GCC_WARN_UNUSED_FUNCTION = YES;
				GCC_WARN_UNUSED_VARIABLE = YES;
				IPHONEOS_DEPLOYMENT_TARGET = 8.2;
				MTL_ENABLE_DEBUG_INFO = NO;
				SDKROOT = iphoneos;
				VALIDATE_PRODUCT = YES;
			};
			name = Release;
		};
		6C0E2E9D1B370D5B00C0A435 /* Debug */ = {
			isa = XCBuildConfiguration;
			buildSettings = {
				ASSETCATALOG_COMPILER_APPICON_NAME = AppIcon;
				CODE_SIGN_IDENTITY = "iPhone Developer";
				"CODE_SIGN_IDENTITY[sdk=iphoneos*]" = "iPhone Developer";
				FRAMEWORK_SEARCH_PATHS = (
					"$(inherited)",
					"$(PROJECT_DIR)",
				);
				GCC_PRECOMPILE_PREFIX_HEADER = NO;
				INFOPLIST_FILE = "CM-Tarea 2 Notificaciones/Info.plist";
				LD_RUNPATH_SEARCH_PATHS = "$(inherited) @executable_path/Frameworks";
				PRODUCT_NAME = "$(TARGET_NAME)";
				PROVISIONING_PROFILE = "";
			};
			name = Debug;
		};
		6C0E2E9E1B370D5B00C0A435 /* Release */ = {
			isa = XCBuildConfiguration;
			buildSettings = {
				ASSETCATALOG_COMPILER_APPICON_NAME = AppIcon;
				CODE_SIGN_IDENTITY = "iPhone Developer";
				"CODE_SIGN_IDENTITY[sdk=iphoneos*]" = "iPhone Developer";
				FRAMEWORK_SEARCH_PATHS = (
					"$(inherited)",
					"$(PROJECT_DIR)",
				);
				GCC_PRECOMPILE_PREFIX_HEADER = NO;
				INFOPLIST_FILE = "CM-Tarea 2 Notificaciones/Info.plist";
				LD_RUNPATH_SEARCH_PATHS = "$(inherited) @executable_path/Frameworks";
				PRODUCT_NAME = "$(TARGET_NAME)";
				PROVISIONING_PROFILE = "";
			};
			name = Release;
		};
		6C0E2EA01B370D5B00C0A435 /* Debug */ = {
			isa = XCBuildConfiguration;
			buildSettings = {
				BUNDLE_LOADER = "$(TEST_HOST)";
				FRAMEWORK_SEARCH_PATHS = (
					"$(SDKROOT)/Developer/Library/Frameworks",
					"$(inherited)",
				);
				GCC_PREPROCESSOR_DEFINITIONS = (
					"DEBUG=1",
					"$(inherited)",
				);
				INFOPLIST_FILE = "CM-Tarea 2 NotificacionesTests/Info.plist";
				LD_RUNPATH_SEARCH_PATHS = "$(inherited) @executable_path/Frameworks @loader_path/Frameworks";
				PRODUCT_NAME = "$(TARGET_NAME)";
				TEST_HOST = "$(BUILT_PRODUCTS_DIR)/CM-Tarea 2 Notificaciones.app/CM-Tarea 2 Notificaciones";
			};
			name = Debug;
		};
		6C0E2EA11B370D5B00C0A435 /* Release */ = {
			isa = XCBuildConfiguration;
			buildSettings = {
				BUNDLE_LOADER = "$(TEST_HOST)";
				FRAMEWORK_SEARCH_PATHS = (
					"$(SDKROOT)/Developer/Library/Frameworks",
					"$(inherited)",
				);
				INFOPLIST_FILE = "CM-Tarea 2 NotificacionesTests/Info.plist";
				LD_RUNPATH_SEARCH_PATHS = "$(inherited) @executable_path/Frameworks @loader_path/Frameworks";
				PRODUCT_NAME = "$(TARGET_NAME)";
				TEST_HOST = "$(BUILT_PRODUCTS_DIR)/CM-Tarea 2 Notificaciones.app/CM-Tarea 2 Notificaciones";
			};
			name = Release;
		};
/* End XCBuildConfiguration section */

/* Begin XCConfigurationList section */
		6C0E2E711B370D5B00C0A435 /* Build configuration list for PBXProject "CM-Tarea 2 Notificaciones" */ = {
			isa = XCConfigurationList;
			buildConfigurations = (
				6C0E2E9A1B370D5B00C0A435 /* Debug */,
				6C0E2E9B1B370D5B00C0A435 /* Release */,
			);
			defaultConfigurationIsVisible = 0;
			defaultConfigurationName = Release;
		};
		6C0E2E9C1B370D5B00C0A435 /* Build configuration list for PBXNativeTarget "CM-Tarea 2 Notificaciones" */ = {
			isa = XCConfigurationList;
			buildConfigurations = (
				6C0E2E9D1B370D5B00C0A435 /* Debug */,
				6C0E2E9E1B370D5B00C0A435 /* Release */,
			);
			defaultConfigurationIsVisible = 0;
			defaultConfigurationName = Release;
		};
		6C0E2E9F1B370D5B00C0A435 /* Build configuration list for PBXNativeTarget "CM-Tarea 2 NotificacionesTests" */ = {
			isa = XCConfigurationList;
			buildConfigurations = (
				6C0E2EA01B370D5B00C0A435 /* Debug */,
				6C0E2EA11B370D5B00C0A435 /* Release */,
			);
			defaultConfigurationIsVisible = 0;
			defaultConfigurationName = Release;
		};
/* End XCConfigurationList section */

/* Begin XCVersionGroup section */
		6C0E2E801B370D5B00C0A435 /* CM_Tarea_2_Notificaciones.xcdatamodeld */ = {
			isa = XCVersionGroup;
			children = (
				6C0E2E811B370D5B00C0A435 /* CM_Tarea_2_Notificaciones.xcdatamodel */,
			);
			currentVersion = 6C0E2E811B370D5B00C0A435 /* CM_Tarea_2_Notificaciones.xcdatamodel */;
			path = CM_Tarea_2_Notificaciones.xcdatamodeld;
			sourceTree = "<group>";
			versionGroupType = wrapper.xcdatamodel;
		};
/* End XCVersionGroup section */
	};
	rootObject = 6C0E2E6E1B370D5B00C0A435 /* Project object */;
}
