// !$*UTF8*$!
{
	archiveVersion = 1;
	classes = {
	};
	objectVersion = 46;
	objects = {

/* Begin PBXBuildFile section */
		6C0E2E7C1B370D5B00C0A435 /* main.m in Sources */ = {isa = PBXBuildFile; fileRef = 6C0E2E7B1B370D5B00C0A435 /* main.m */; };
		6C0E2E7F1B370D5B00C0A435 /* AppDelegate.m in Sources */ = {isa = PBXBuildFile; fileRef = 6C0E2E7E1B370D5B00C0A435 /* AppDelegate.m */; };
		6C0E2E821B370D5B00C0A435 /* CM_Tarea_2_Notificaciones.xcdatamodeld in Sources */ = {isa = PBXBuildFile; fileRef = 6C0E2E801B370D5B00C0A435 /* CM_Tarea_2_Notificaciones.xcdatamodeld */; };
		6C0E2E851B370D5B00C0A435 /* ViewController.m in Sources */ = {isa = PBXBuildFile; fileRef = 6C0E2E841B370D5B00C0A435 /* ViewController.m */; };
		6C0E2E881B370D5B00C0A435 /* Main.storyboard in Resources */ = {isa = PBXBuildFile; fileRef = 6C0E2E861B370D5B00C0A435 /* Main.storyboard */; };
		6C0E2E8A1B370D5B00C0A435 /* Images.xcassets in Resources */ = {isa = PBXBuildFile; fileRef = 6C0E2E891B370D5B00C0A435 /* Images.xcassets */; };
		6C0E2E8D1B370D5B00C0A435 /* LaunchScreen.xib in Resources */ = {isa = PBXBuildFile; fileRef = 6C0E2E8B1B370D5B00C0A435 /* LaunchScreen.xib */; };
		6C0E2E991B370D5B00C0A435 /* CM_Tarea_2_NotificacionesTests.m in Sources */ = {isa = PBXBuildFile; fileRef = 6C0E2E981B370D5B00C0A435 /* CM_Tarea_2_NotificacionesTests.m */; };
		EC5B6A421B3A3A100065EABD /* Detail.m in Sources */ = {isa = PBXBuildFile; fileRef = EC5B6A411B3A3A100065EABD /* Detail.m */; };
/* End PBXBuildFile section */

/* Begin PBXContainerItemProxy section */
		6C0E2E931B370D5B00C0A435 /* PBXContainerItemProxy */ = {
			isa = PBXContainerItemProxy;
			containerPortal = 6C0E2E6E1B370D5B00C0A435 /* Project object */;
			proxyType = 1;
			remoteGlobalIDString = 6C0E2E751B370D5B00C0A435;
			remoteInfo = "CM-Tarea 2 Notificaciones";
		};
/* End PBXContainerItemProxy section */

/* Begin PBXFileReference section */
		6C0E2E761B370D5B00C0A435 /* CM-Tarea 2 Notificaciones.app */ = {isa = PBXFileReference; explicitFileType = wrapper.application; includeInIndex = 0; path = "CM-Tarea 2 Notificaciones.app"; sourceTree = BUILT_PRODUCTS_DIR; };
		6C0E2E7A1B370D5B00C0A435 /* Info.plist */ = {isa = PBXFileReference; lastKnownFileType = text.plist.xml; path = Info.plist; sourceTree = "<group>"; };
		6C0E2E7B1B370D5B00C0A435 /* main.m */ = {isa = PBXFileReference; lastKnownFileType = sourcecode.c.objc; path = main.m; sourceTree = "<group>"; };
		6C0E2E7D1B370D5B00C0A435 /* AppDelegate.h */ = {isa = PBXFileReference; lastKnownFileType = sourcecode.c.h; path = AppDelegate.h; sourceTree = "<group>"; };
		6C0E2E7E1B370D5B00C0A435 /* AppDelegate.m */ = {isa = PBXFileReference; lastKnownFileType = sourcecode.c.objc; path = AppDelegate.m; sourceTree = "<group>"; };
		6C0E2E811B370D5B00C0A435 /* CM_Tarea_2_Notificaciones.xcdatamodel */ = {isa = PBXFileReference; lastKnownFileType = wrapper.xcdatamodel; path = CM_Tarea_2_Notificaciones.xcdatamodel; sourceTree = "<group>"; };
		6C0E2E831B370D5B00C0A435 /* ViewController.h */ = {isa = PBXFileReference; lastKnownFileType = sourcecode.c.h; path = ViewController.h; sourceTree = "<group>"; };
		6C0E2E841B370D5B00C0A435 /* ViewController.m */ = {isa = PBXFileReference; lastKnownFileType = sourcecode.c.objc; path = ViewController.m; sourceTree = "<group>"; };
		6C0E2E871B370D5B00C0A435 /* Base */ = {isa = PBXFileReference; lastKnownFileType = file.storyboard; name = Base; path = Base.lproj/Main.storyboard; sourceTree = "<group>"; };
		6C0E2E891B370D5B00C0A435 /* Images.xcassets */ = {isa = PBXFileReference; lastKnownFileType = folder.assetcatalog; path = Images.xcassets; sourceTree = "<group>"; };
		6C0E2E8C1B370D5B00C0A435 /* Base */ = {isa = PBXFileReference; lastKnownFileType = file.xib; name = Base; path = Base.lproj/LaunchScreen.xib; sourceTree = "<group>"; };
		6C0E2E921B370D5B00C0A435 /* CM-Tarea 2 NotificacionesTests.xctest */ = {isa = PBXFileReference; explicitFileType = wrapper.cfbundle; includeInIndex = 0; path = "CM-Tarea 2 NotificacionesTests.xctest"; sourceTree = BUILT_PRODUCTS_DIR; };
		6C0E2E971B370D5B00C0A435 /* Info.plist */ = {isa = PBXFileReference; lastKnownFileType = text.plist.xml; path = Info.plist; sourceTree = "<group>"; };
		6C0E2E981B370D5B00C0A435 /* CM_Tarea_2_NotificacionesTests.m */ = {isa = PBXFileReference; lastKnownFileType = sourcecode.c.objc; path = CM_Tarea_2_NotificacionesTests.m; sourceTree = "<group>"; };
		EC5B6A401B3A3A100065EABD /* Detail.h */ = {isa = PBXFileReference; fileEncoding = 4; lastKnownFileType = sourcecode.c.h; path = Detail.h; sourceTree = "<group>"; };
		EC5B6A411B3A3A100065EABD /* Detail.m */ = {isa = PBXFileReference; fileEncoding = 4; lastKnownFileType = sourcecode.c.objc; path = Detail.m; sourceTree = "<group>"; };
/* End PBXFileReference section */

/* Begin PBXFrameworksBuildPhase section */
		6C0E2E731B370D5B00C0A435 /* Frameworks */ = {
			isa = PBXFrameworksBuildPhase;
			buildActionMask = 2147483647;
			files = (
			);
			runOnlyForDeploymentPostprocessing = 0;
		};
		6C0E2E8F1B370D5B00C0A435 /* Frameworks */ = {
			isa = PBXFrameworksBuildPhase;
			buildActionMask = 2147483647;
			files = (
			);
			runOnlyForDeploymentPostprocessing = 0;
		};
/* End PBXFrameworksBuildPhase section */

/* Begin PBXGroup section */
		6C0E2E6D1B370D5B00C0A435 = {
			isa = PBXGroup;
			children = (
				6C0E2E781B370D5B00C0A435 /* CM-Tarea 2 Notificaciones */,
				6C0E2E951B370D5B00C0A435 /* CM-Tarea 2 NotificacionesTests */,
				6C0E2E771B370D5B00C0A435 /* Products */,
			);
			sourceTree = "<group>";
		};
		6C0E2E771B370D5B00C0A435 /* Products */ = {
			isa = PBXGroup;
			children = (
				6C0E2E761B370D5B00C0A435 /* CM-Tarea 2 Notificaciones.app */,
				6C0E2E921B370D5B00C0A435 /* CM-Tarea 2 NotificacionesTests.xctest */,
			);
			name = Products;
			sourceTree = "<group>";
		};
		6C0E2E781B370D5B00C0A435 /* CM-Tarea 2 Notificaciones */ = {
			isa = PBXGroup;
			children = (
				EC3CFC851B3907B400396B58 /* Controllers */,
				6C0E2E7E1B370D5B00C0A435 /* AppDelegate.m */,
				6C0E2E7D1B370D5B00C0A435 /* AppDelegate.h */,
				6C0E2E831B370D5B00C0A435 /* ViewController.h */,
				6C0E2E841B370D5B00C0A435 /* ViewController.m */,
				6C0E2E861B370D5B00C0A435 /* Main.storyboard */,
				6C0E2E891B370D5B00C0A435 /* Images.xcassets */,
				6C0E2E8B1B370D5B00C0A435 /* LaunchScreen.xib */,
				6C0E2E801B370D5B00C0A435 /* CM_Tarea_2_Notificaciones.xcdatamodeld */,
				6C0E2E791B370D5B00C0A435 /* Supporting Files */,
			);
			path = "CM-Tarea 2 Notificaciones";
			sourceTree = "<group>";
		};
		6C0E2E791B370D5B00C0A435 /* Supporting Files */ = {
			isa = PBXGroup;
			children = (
				6C0E2E7A1B370D5B00C0A435 /* Info.plist */,
				6C0E2E7B1B370D5B00C0A435 /* main.m */,
			);
			name = "Supporting Files";
			sourceTree = "<group>";
		};
		6C0E2E951B370D5B00C0A435 /* CM-Tarea 2 NotificacionesTests */ = {
			isa = PBXGroup;
			children = (
				6C0E2E981B370D5B00C0A435 /* CM_Tarea_2_NotificacionesTests.m */,
				6C0E2E961B370D5B00C0A435 /* Supporting Files */,
			);
			path = "CM-Tarea 2 NotificacionesTests";
			sourceTree = "<group>";
		};
		6C0E2E961B370D5B00C0A435 /* Supporting Files */ = {
			isa = PBXGroup;
			children = (
				6C0E2E971B370D5B00C0A435 /* Info.plist */,
			);
			name = "Supporting Files";
			sourceTree = "<group>";
		};
		EC3CFC851B3907B400396B58 /* Controllers */ = {
			isa = PBXGroup;
			children = (
				EC5B6A401B3A3A100065EABD /* Detail.h */,
				EC5B6A411B3A3A100065EABD /* Detail.m */,
			);
			name = Controllers;
			sourceTree = "<group>";
		};
/* End PBXGroup section */

/* Begin PBXNativeTarget section */
		6C0E2E751B370D5B00C0A435 /* CM-Tarea 2 Notificaciones */ = {
			isa = PBXNativeTarget;
			buildConfigurationList = 6C0E2E9C1B370D5B00C0A435 /* Build configuration list for PBXNativeTarget "CM-Tarea 2 Notificaciones" */;
			buildPhases = (
				6C0E2E721B370D5B00C0A435 /* Sources */,
				6C0E2E731B370D5B00C0A435 /* Frameworks */,
				6C0E2E741B370D5B00C0A435 /* Resources */,
			);
			buildRules = (
			);
			dependencies = (
			);
			name = "CM-Tarea 2 Notificaciones";
			productName = "CM-Tarea 2 Notificaciones";
			productReference = 6C0E2E761B370D5B00C0A435 /* CM-Tarea 2 Notificaciones.app */;
			productType = "com.apple.product-type.application";
		};
		6C0E2E911B370D5B00C0A435 /* CM-Tarea 2 NotificacionesTests */ = {
			isa = PBXNativeTarget;
			buildConfigurationList = 6C0E2E9F1B370D5B00C0A435 /* Build configuration list for PBXNativeTarget "CM-Tarea 2 NotificacionesTests" */;
			buildPhases = (
				6C0E2E8E1B370D5B00C0A435 /* Sources */,
				6C0E2E8F1B370D5B00C0A435 /* Frameworks */,
				6C0E2E901B370D5B00C0A435 /* Resources */,
			);
			buildRules = (
			);
			dependencies = (
				6C0E2E941B370D5B00C0A435 /* PBXTargetDependency */,
			);
			name = "CM-Tarea 2 NotificacionesTests";
			productName = "CM-Tarea 2 NotificacionesTests";
			productReference = 6C0E2E921B370D5B00C0A435 /* CM-Tarea 2 NotificacionesTests.xctest */;
			productType = "com.apple.product-type.bundle.unit-test";
		};
/* End PBXNativeTarget section */

/* Begin PBXProject section */
		6C0E2E6E1B370D5B00C0A435 /* Project object */ = {
			isa = PBXProject;
			attributes = {
				LastUpgradeCheck = 0620;
				ORGANIZATIONNAME = CM;
				TargetAttributes = {
					6C0E2E751B370D5B00C0A435 = {
						CreatedOnToolsVersion = 6.2;
					};
					6C0E2E911B370D5B00C0A435 = {
						CreatedOnToolsVersion = 6.2;
						TestTargetID = 6C0E2E751B370D5B00C0A435;
					};
				};
			};
			buildConfigurationList = 6C0E2E711B370D5B00C0A435 /* Build configuration list for PBXProject "CM-Tarea 2 Notificaciones" */;
			compatibilityVersion = "Xcode 3.2";
			developmentRegion = English;
			hasScannedForEncodings = 0;
			knownRegions = (
				en,
				Base,
			);
			mainGroup = 6C0E2E6D1B370D5B00C0A435;
			productRefGroup = 6C0E2E771B370D5B00C0A435 /* Products */;
			projectDirPath = "";
			projectRoot = "";
			targets = (
				6C0E2E751B370D5B00C0A435 /* CM-Tarea 2 Notificaciones */,
				6C0E2E911B370D5B00C0A435 /* CM-Tarea 2 NotificacionesTests */,
			);
		};
/* End PBXProject section */

/* Begin PBXResourcesBuildPhase section */
		6C0E2E741B370D5B00C0A435 /* Resources */ = {
			isa = PBXResourcesBuildPhase;
			buildActionMask = 2147483647;
			files = (
				6C0E2E881B370D5B00C0A435 /* Main.storyboard in Resources */,
				6C0E2E8D1B370D5B00C0A435 /* LaunchScreen.xib in Resources */,
				6C0E2E8A1B370D5B00C0A435 /* Images.xcassets in Resources */,
			);
			runOnlyForDeploymentPostprocessing = 0;
		};
		6C0E2E901B370D5B00C0A435 /* Resources */ = {
			isa = PBXResourcesBuildPhase;
			buildActionMask = 2147483647;
			files = (
			);
			runOnlyForDeploymentPostprocessing = 0;
		};
/* End PBXResourcesBuildPhase section */

/* Begin PBXSourcesBuildPhase section */
		6C0E2E721B370D5B00C0A435 /* Sources */ = {
			isa = PBXSourcesBuildPhase;
			buildActionMask = 2147483647;
			files = (
				EC5B6A421B3A3A100065EABD /* Detail.m in Sources */,
				6C0E2E7F1B370D5B00C0A435 /* AppDelegate.m in Sources */,
				6C0E2E821B370D5B00C0A435 /* CM_Tarea_2_Notificaciones.xcdatamodeld in Sources */,
				6C0E2E851B370D5B00C0A435 /* ViewController.m in Sources */,
				6C0E2E7C1B370D5B00C0A435 /* main.m in Sources */,
			);
			runOnlyForDeploymentPostprocessing = 0;
		};
		6C0E2E8E1B370D5B00C0A435 /* Sources */ = {
			isa = PBXSourcesBuildPhase;
			buildActionMask = 2147483647;
			files = (
				6C0E2E991B370D5B00C0A435 /* CM_Tarea_2_NotificacionesTests.m in Sources */,
			);
			runOnlyForDeploymentPostprocessing = 0;
		};
/* End PBXSourcesBuildPhase section */

/* Begin PBXTargetDependency section */
		6C0E2E941B370D5B00C0A435 /* PBXTargetDependency */ = {
			isa = PBXTargetDependency;
			target = 6C0E2E751B370D5B00C0A435 /* CM-Tarea 2 Notificaciones */;
			targetProxy = 6C0E2E931B370D5B00C0A435 /* PBXContainerItemProxy */;
		};
/* End PBXTargetDependency section */

/* Begin PBXVariantGroup section */
		6C0E2E861B370D5B00C0A435 /* Main.storyboard */ = {
			isa = PBXVariantGroup;
			children = (
				6C0E2E871B370D5B00C0A435 /* Base */,
			);
			name = Main.storyboard;
			sourceTree = "<group>";
		};
		6C0E2E8B1B370D5B00C0A435 /* LaunchScreen.xib */ = {
			isa = PBXVariantGroup;
			children = (
				6C0E2E8C1B370D5B00C0A435 /* Base */,
			);
			name = LaunchScreen.xib;
			sourceTree = "<group>";
		};
/* End PBXVariantGroup section */

/* Begin XCBuildConfiguration section */
		6C0E2E9A1B370D5B00C0A435 /* Debug */ = {
			isa = XCBuildConfiguration;
			buildSettings = {
				ALWAYS_SEARCH_USER_PATHS = NO;
				CLANG_CXX_LANGUAGE_STANDARD = "gnu++0x";
				CLANG_CXX_LIBRARY = "libc++";
				CLANG_ENABLE_MODULES = YES;
				CLANG_ENABLE_OBJC_ARC = YES;
				CLANG_WARN_BOOL_CONVERSION = YES;
				CLANG_WARN_CONSTANT_CONVERSION = YES;
				CLANG_WARN_DIRECT_OBJC_ISA_USAGE = YES_ERROR;
				CLANG_WARN_EMPTY_BODY = YES;
				CLANG_WARN_ENUM_CONVERSION = YES;
				CLANG_WARN_INT_CONVERSION = YES;
				CLANG_WARN_OBJC_ROOT_CLASS = YES_ERROR;
				CLANG_WARN_UNREACHABLE_CODE = YES;
				CLANG_WARN__DUPLICATE_METHOD_MATCH = YES;
				"CODE_SIGN_IDENTITY[sdk=iphoneos*]" = "iPhone Developer";
				COPY_PHASE_STRIP = NO;
				ENABLE_STRICT_OBJC_MSGSEND = YES;
				GCC_C_LANGUAGE_STANDARD = gnu99;
				GCC_DYNAMIC_NO_PIC = NO;
				GCC_OPTIMIZATION_LEVEL = 0;
				GCC_PREPROCESSOR_DEFINITIONS = (
					"DEBUG=1",
					"$(inherited)",
				);
				GCC_SYMBOLS_PRIVATE_EXTERN = NO;
				GCC_WARN_64_TO_32_BIT_CONVERSION = YES;
				GCC_WARN_ABOUT_RETURN_TYPE = YES_ERROR;
				GCC_WARN_UNDECLARED_SELECTOR = YES;
				GCC_WARN_UNINITIALIZED_AUTOS = YES_AGGRESSIVE;
				GCC_WARN_UNUSED_FUNCTION = YES;
				GCC_WARN_UNUSED_VARIABLE = YES;
				IPHONEOS_DEPLOYMENT_TARGET = 8.2;
				MTL_ENABLE_DEBUG_INFO = YES;
				ONLY_ACTIVE_ARCH = YES;
				SDKROOT = iphoneos;
			};
			name = Debug;
		};
		6C0E2E9B1B370D5B00C0A435 /* Release */ = {
			isa = XCBuildConfiguration;
			buildSettings = {
				ALWAYS_SEARCH_USER_PATHS = NO;
				CLANG_CXX_LANGUAGE_STANDARD = "gnu++0x";
				CLANG_CXX_LIBRARY = "libc++";
				CLANG_ENABLE_MODULES = YES;
				CLANG_ENABLE_OBJC_ARC = YES;
				CLANG_WARN_BOOL_CONVERSION = YES;
				CLANG_WARN_CONSTANT_CONVERSION = YES;
				CLANG_WARN_DIRECT_OBJC_ISA_USAGE = YES_ERROR;
				CLANG_WARN_EMPTY_BODY = YES;
				CLANG_WARN_ENUM_CONVERSION = YES;
				CLANG_WARN_INT_CONVERSION = YES;
				CLANG_WARN_OBJC_ROOT_CLASS = YES_ERROR;
				CLANG_WARN_UNREACHABLE_CODE = YES;
				CLANG_WARN__DUPLICATE_METHOD_MATCH = YES;
				"CODE_SIGN_IDENTITY[sdk=iphoneos*]" = "iPhone Developer";
				COPY_PHASE_STRIP = NO;
				ENABLE_NS_ASSERTIONS = NO;
				ENABLE_STRICT_OBJC_MSGSEND = YES;
				GCC_C_LANGUAGE_STANDARD = gnu99;
				GCC_WARN_64_TO_32_BIT_CONVERSION = YES;
				GCC_WARN_ABOUT_RETURN_TYPE = YES_ERROR;
				GCC_WARN_UNDECLARED_SELECTOR = YES;
				GCC_WARN_UNINITIALIZED_AUTOS = YES_AGGRESSIVE;
				GCC_WARN_UNUSED_FUNCTION = YES;
				GCC_WARN_UNUSED_VARIABLE = YES;
				IPHONEOS_DEPLOYMENT_TARGET = 8.2;
				MTL_ENABLE_DEBUG_INFO = NO;
				SDKROOT = iphoneos;
				VALIDATE_PRODUCT = YES;
			};
			name = Release;
		};
		6C0E2E9D1B370D5B00C0A435 /* Debug */ = {
			isa = XCBuildConfiguration;
			buildSettings = {
				ASSETCATALOG_COMPILER_APPICON_NAME = AppIcon;
				INFOPLIST_FILE = "CM-Tarea 2 Notificaciones/Info.plist";
				LD_RUNPATH_SEARCH_PATHS = "$(inherited) @executable_path/Frameworks";
				PRODUCT_NAME = "$(TARGET_NAME)";
			};
			name = Debug;
		};
		6C0E2E9E1B370D5B00C0A435 /* Release */ = {
			isa = XCBuildConfiguration;
			buildSettings = {
				ASSETCATALOG_COMPILER_APPICON_NAME = AppIcon;
				INFOPLIST_FILE = "CM-Tarea 2 Notificaciones/Info.plist";
				LD_RUNPATH_SEARCH_PATHS = "$(inherited) @executable_path/Frameworks";
				PRODUCT_NAME = "$(TARGET_NAME)";
			};
			name = Release;
		};
		6C0E2EA01B370D5B00C0A435 /* Debug */ = {
			isa = XCBuildConfiguration;
			buildSettings = {
				BUNDLE_LOADER = "$(TEST_HOST)";
				FRAMEWORK_SEARCH_PATHS = (
					"$(SDKROOT)/Developer/Library/Frameworks",
					"$(inherited)",
				);
				GCC_PREPROCESSOR_DEFINITIONS = (
					"DEBUG=1",
					"$(inherited)",
				);
				INFOPLIST_FILE = "CM-Tarea 2 NotificacionesTests/Info.plist";
				LD_RUNPATH_SEARCH_PATHS = "$(inherited) @executable_path/Frameworks @loader_path/Frameworks";
				PRODUCT_NAME = "$(TARGET_NAME)";
				TEST_HOST = "$(BUILT_PRODUCTS_DIR)/CM-Tarea 2 Notificaciones.app/CM-Tarea 2 Notificaciones";
			};
			name = Debug;
		};
		6C0E2EA11B370D5B00C0A435 /* Release */ = {
			isa = XCBuildConfiguration;
			buildSettings = {
				BUNDLE_LOADER = "$(TEST_HOST)";
				FRAMEWORK_SEARCH_PATHS = (
					"$(SDKROOT)/Developer/Library/Frameworks",
					"$(inherited)",
				);
				INFOPLIST_FILE = "CM-Tarea 2 NotificacionesTests/Info.plist";
				LD_RUNPATH_SEARCH_PATHS = "$(inherited) @executable_path/Frameworks @loader_path/Frameworks";
				PRODUCT_NAME = "$(TARGET_NAME)";
				TEST_HOST = "$(BUILT_PRODUCTS_DIR)/CM-Tarea 2 Notificaciones.app/CM-Tarea 2 Notificaciones";
			};
			name = Release;
		};
/* End XCBuildConfiguration section */

/* Begin XCConfigurationList section */
		6C0E2E711B370D5B00C0A435 /* Build configuration list for PBXProject "CM-Tarea 2 Notificaciones" */ = {
			isa = XCConfigurationList;
			buildConfigurations = (
				6C0E2E9A1B370D5B00C0A435 /* Debug */,
				6C0E2E9B1B370D5B00C0A435 /* Release */,
			);
			defaultConfigurationIsVisible = 0;
			defaultConfigurationName = Release;
		};
		6C0E2E9C1B370D5B00C0A435 /* Build configuration list for PBXNativeTarget "CM-Tarea 2 Notificaciones" */ = {
			isa = XCConfigurationList;
			buildConfigurations = (
				6C0E2E9D1B370D5B00C0A435 /* Debug */,
				6C0E2E9E1B370D5B00C0A435 /* Release */,
			);
			defaultConfigurationIsVisible = 0;
			defaultConfigurationName = Release;
		};
		6C0E2E9F1B370D5B00C0A435 /* Build configuration list for PBXNativeTarget "CM-Tarea 2 NotificacionesTests" */ = {
			isa = XCConfigurationList;
			buildConfigurations = (
				6C0E2EA01B370D5B00C0A435 /* Debug */,
				6C0E2EA11B370D5B00C0A435 /* Release */,
			);
			defaultConfigurationIsVisible = 0;
			defaultConfigurationName = Release;
		};
/* End XCConfigurationList section */

/* Begin XCVersionGroup section */
		6C0E2E801B370D5B00C0A435 /* CM_Tarea_2_Notificaciones.xcdatamodeld */ = {
			isa = XCVersionGroup;
			children = (
				6C0E2E811B370D5B00C0A435 /* CM_Tarea_2_Notificaciones.xcdatamodel */,
			);
			currentVersion = 6C0E2E811B370D5B00C0A435 /* CM_Tarea_2_Notificaciones.xcdatamodel */;
			path = CM_Tarea_2_Notificaciones.xcdatamodeld;
			sourceTree = "<group>";
			versionGroupType = wrapper.xcdatamodel;
		};
/* End XCVersionGroup section */
	};
	rootObject = 6C0E2E6E1B370D5B00C0A435 /* Project object */;
}
